
Microsoft Visual Studio Solution File, Format Version 12.00
# Visual Studio 15
VisualStudioVersion = 15.0.27130.2026
MinimumVisualStudioVersion = 10.0.40219.1
Project("{E24C65DC-7377-472B-9ABA-BC803B73C61A}") = "FANF", "FANF\", "{B802BCE1-5382-4086-AB10-9BACF5018DB3}"
	ProjectSection(WebsiteProperties) = preProject
		TargetFrameworkMoniker = ".NETFramework,Version%3Dv4.5.2"
		Debug.AspNetCompiler.VirtualPath = "/localhost_65198"
		Debug.AspNetCompiler.PhysicalPath = "FANF\"
		Debug.AspNetCompiler.TargetPath = "PrecompiledWeb\localhost_65198\"
		Debug.AspNetCompiler.Updateable = "true"
		Debug.AspNetCompiler.ForceOverwrite = "true"
		Debug.AspNetCompiler.FixedNames = "false"
		Debug.AspNetCompiler.Debug = "True"
		Release.AspNetCompiler.VirtualPath = "/localhost_65198"
		Release.AspNetCompiler.PhysicalPath = "FANF\"
		Release.AspNetCompiler.TargetPath = "PrecompiledWeb\localhost_65198\"
		Release.AspNetCompiler.Updateable = "true"
		Release.AspNetCompiler.ForceOverwrite = "true"
		Release.AspNetCompiler.FixedNames = "false"
		Release.AspNetCompiler.Debug = "False"
		VWDPort = "65198"
		SlnRelativePath = "FANF\"
		DefaultWebSiteLanguage = "Visual C#"
	EndProjectSection
EndProject
Global
	GlobalSection(SolutionConfigurationPlatforms) = preSolution
		Debug|Any CPU = Debug|Any CPU
	EndGlobalSection
	GlobalSection(ProjectConfigurationPlatforms) = postSolution
		{B802BCE1-5382-4086-AB10-9BACF5018DB3}.Debug|Any CPU.ActiveCfg = Debug|Any CPU
		{B802BCE1-5382-4086-AB10-9BACF5018DB3}.Debug|Any CPU.Build.0 = Debug|Any CPU
	EndGlobalSection
	GlobalSection(SolutionProperties) = preSolution
		HideSolutionNode = FALSE
	EndGlobalSection
	GlobalSection(ExtensibilityGlobals) = postSolution
		SolutionGuid = {0899DBAC-8185-4D95-BC34-1463317D119E}
	EndGlobalSection
EndGlobal
