
Microsoft Visual Studio Solution File, Format Version 12.00
# Visual Studio 15
VisualStudioVersion = 15.0.27130.2026
MinimumVisualStudioVersion = 10.0.40219.1
Project("{FAE04EC0-301F-11D3-BF4B-00C04F79EFBC}") = "MadhuMovie", "MadhuMovie\MadhuMovie.csproj", "{156AF942-6676-4A12-BA61-B53F86226250}"
EndProject
Global
	GlobalSection(SolutionConfigurationPlatforms) = preSolution
		Debug|Any CPU = Debug|Any CPU
		Release|Any CPU = Release|Any CPU
	EndGlobalSection
	GlobalSection(ProjectConfigurationPlatforms) = postSolution
		{156AF942-6676-4A12-BA61-B53F86226250}.Debug|Any CPU.ActiveCfg = Debug|Any CPU
		{156AF942-6676-4A12-BA61-B53F86226250}.Debug|Any CPU.Build.0 = Debug|Any CPU
		{156AF942-6676-4A12-BA61-B53F86226250}.Release|Any CPU.ActiveCfg = Release|Any CPU
		{156AF942-6676-4A12-BA61-B53F86226250}.Release|Any CPU.Build.0 = Release|Any CPU
	EndGlobalSection
	GlobalSection(SolutionProperties) = preSolution
		HideSolutionNode = FALSE
	EndGlobalSection
	GlobalSection(ExtensibilityGlobals) = postSolution
		SolutionGuid = {60081844-049F-405F-BA6C-F452A06ABEC4}
	EndGlobalSection
EndGlobal
